
Microsoft Visual Studio Solution File, Format Version 12.00
# Visual Studio Version 16
VisualStudioVersion = 16.0.32413.511
MinimumVisualStudioVersion = 10.0.40219.1
Project("{FAE04EC0-301F-11D3-BF4B-00C04F79EFBC}") = "Ressex_trends", "Ressex_trends\Ressex_trends.csproj", "{758858EC-5C87-4540-802E-FF086FB55E8A}"
EndProject
Global
	GlobalSection(SolutionConfigurationPlatforms) = preSolution
		Debug|Any CPU = Debug|Any CPU
		Release|Any CPU = Release|Any CPU
	EndGlobalSection
	GlobalSection(ProjectConfigurationPlatforms) = postSolution
		{758858EC-5C87-4540-802E-FF086FB55E8A}.Debug|Any CPU.ActiveCfg = Debug|Any CPU
		{758858EC-5C87-4540-802E-FF086FB55E8A}.Debug|Any CPU.Build.0 = Debug|Any CPU
		{758858EC-5C87-4540-802E-FF086FB55E8A}.Release|Any CPU.ActiveCfg = Release|Any CPU
		{758858EC-5C87-4540-802E-FF086FB55E8A}.Release|Any CPU.Build.0 = Release|Any CPU
	EndGlobalSection
	GlobalSection(SolutionProperties) = preSolution
		HideSolutionNode = FALSE
	EndGlobalSection
	GlobalSection(ExtensibilityGlobals) = postSolution
		SolutionGuid = {20DFF4C4-295F-40F7-BA6E-D3B931A637E8}
	EndGlobalSection
EndGlobal
